
Microsoft Visual Studio Solution File, Format Version 12.00
# Visual Studio 14
VisualStudioVersion = 14.0.25123.0
MinimumVisualStudioVersion = 10.0.40219.1
Project("{FAE04EC0-301F-11D3-BF4B-00C04F79EFBC}") = "BusinessEntity", "BusinessEntity\BusinessEntity.csproj", "{56440098-2131-465C-87B9-6C10D2985759}"
EndProject
Project("{2150E333-8FDC-42A3-9474-1A3956D46DE8}") = "Solution Items", "Solution Items", "{EA69A105-EB97-4B5D-865C-AE3B55BF1464}"
	ProjectSection(SolutionItems) = preProject
		Solution Items\propn.snippet = Solution Items\propn.snippet
		Readme.txt = Readme.txt
		Solution Items\sku表设计1.png = Solution Items\sku表设计1.png
		Solution Items\sku表设计2.jpg = Solution Items\sku表设计2.jpg
		Solution Items\Web.config.bak = Solution Items\Web.config.bak
		Solution Items\系统文档.doc = Solution Items\系统文档.doc
		Solution Items\记事本.txt = Solution Items\记事本.txt
		Solution Items\错误集锦.doc = Solution Items\错误集锦.doc
	EndProjectSection
EndProject
Project("{2150E333-8FDC-42A3-9474-1A3956D46DE8}") = "Tools", "Tools", "{88583C95-B4FE-4040-ABB7-858C69A78110}"
EndProject
Project("{FAE04EC0-301F-11D3-BF4B-00C04F79EFBC}") = "CodeBuilder", "CodeBuilder\CodeBuilder.csproj", "{1640A197-38C9-41A1-B9D7-2131A5D5470E}"
EndProject
Project("{FAE04EC0-301F-11D3-BF4B-00C04F79EFBC}") = "Services", "Services\Services.csproj", "{8CF73142-B534-4F09-A9C8-ED59460CD849}"
EndProject
Project("{2150E333-8FDC-42A3-9474-1A3956D46DE8}") = "Core", "Core", "{4774B128-6F67-46FB-87B3-50139572B45B}"
EndProject
Project("{FAE04EC0-301F-11D3-BF4B-00C04F79EFBC}") = "ServiceInterfaces", "ServiceInterfaces\ServiceInterfaces.csproj", "{3E38A4B0-AF86-479A-9FCF-8C2C3C8958D2}"
EndProject
Project("{FAE04EC0-301F-11D3-BF4B-00C04F79EFBC}") = "Server", "Server\Server.csproj", "{51E868C3-0F07-4BDD-A47D-C5EEE6543166}"
EndProject
Project("{2150E333-8FDC-42A3-9474-1A3956D46DE8}") = "Presentation(表示层)", "Presentation(表示层)", "{A246CCBB-3CAE-42F3-A652-3545B6589AAC}"
EndProject
Project("{FAE04EC0-301F-11D3-BF4B-00C04F79EFBC}") = "Common", "Common\Common.csproj", "{89DD6B99-D85B-4D96-8CF6-2A7044C87D1E}"
EndProject
Project("{FAE04EC0-301F-11D3-BF4B-00C04F79EFBC}") = "Client.PC", "Client.PC\Client.PC.csproj", "{4539B7AB-AB2F-49C7-A44E-E7F3F80BA250}"
EndProject
Project("{2150E333-8FDC-42A3-9474-1A3956D46DE8}") = "EnterpriseLibrarys", "EnterpriseLibrarys", "{DE61001C-F0E8-426D-A27C-EA3CB583AC76}"
EndProject
Project("{FAE04EC0-301F-11D3-BF4B-00C04F79EFBC}") = "Unity", "EnterpriseLibrarys\Unitys\Unity\Src\Unity.csproj", "{EE1F752C-1FAB-41AD-AD63-857D0E62AB6B}"
EndProject
Project("{FAE04EC0-301F-11D3-BF4B-00C04F79EFBC}") = "Unity.Configuration", "EnterpriseLibrarys\Unitys\Unity.Configuration\Src\Unity.Configuration.csproj", "{AEF45ED2-3E7F-4AA5-9001-A4D1BAC12EBE}"
EndProject
Project("{FAE04EC0-301F-11D3-BF4B-00C04F79EFBC}") = "Unity.Interception", "EnterpriseLibrarys\Unitys\Unity.Interception\Src\Unity.Interception.csproj", "{F8186B23-B0E1-4646-B5F3-14357841E2BA}"
EndProject
Project("{FAE04EC0-301F-11D3-BF4B-00C04F79EFBC}") = "Unity.Interception.Configuration", "EnterpriseLibrarys\Unitys\Unity.Interception.Configuration\Src\Unity.Interception.Configuration.csproj", "{80F7399F-B221-465F-97C9-4B9FC0E2F67F}"
EndProject
Project("{FAE04EC0-301F-11D3-BF4B-00C04F79EFBC}") = "Common.2010", "EnterpriseLibrarys\Common\Src\Common.2010.csproj", "{A09297C8-2C40-470B-8856-D856676DDFFA}"
EndProject
Project("{FAE04EC0-301F-11D3-BF4B-00C04F79EFBC}") = "Data.2010", "EnterpriseLibrarys\Data\Src\Data\Data.2010.csproj", "{D349B6D8-992F-443F-BB57-57E50DD98794}"
EndProject
Project("{FAE04EC0-301F-11D3-BF4B-00C04F79EFBC}") = "ExceptionHandling.2010", "EnterpriseLibrarys\ExceptionHandling\Src\ExceptionHandling\ExceptionHandling.2010.csproj", "{2DB0AD6D-BF59-4EBB-9F99-49ABD8539FD2}"
EndProject
Project("{FAE04EC0-301F-11D3-BF4B-00C04F79EFBC}") = "ExceptionHandling.Logging.2010", "EnterpriseLibrarys\ExceptionHandling\Src\Logging\ExceptionHandling.Logging.2010.csproj", "{EC311AD3-0A26-4808-901B-A983E97E5790}"
EndProject
Project("{FAE04EC0-301F-11D3-BF4B-00C04F79EFBC}") = "ExceptionHandling.WCF.2010", "EnterpriseLibrarys\ExceptionHandling\Src\WCF\ExceptionHandling.WCF.2010.csproj", "{90CBF2D3-767E-4E3C-AF8C-AB3E5F17BE18}"
EndProject
Project("{FAE04EC0-301F-11D3-BF4B-00C04F79EFBC}") = "Logging.2010", "EnterpriseLibrarys\Logging\Src\Logging\Logging.2010.csproj", "{6AC97717-899D-4F72-BC5B-2C37959CD4FF}"
EndProject
Project("{FAE04EC0-301F-11D3-BF4B-00C04F79EFBC}") = "PolicyInjection.2010", "EnterpriseLibrarys\PolicyInjection\Src\PolicyInjection\PolicyInjection.2010.csproj", "{3E6129C8-18E4-410D-89FC-0DBBE6009FC5}"
EndProject
Project("{FAE04EC0-301F-11D3-BF4B-00C04F79EFBC}") = "Caching.2010", "EnterpriseLibrarys\Caching\Src\Caching\Caching.2010.csproj", "{E725A5B4-A379-492F-89E3-3D8021376C3F}"
EndProject
Project("{FAE04EC0-301F-11D3-BF4B-00C04F79EFBC}") = "Caching.Database.2010", "EnterpriseLibrarys\Caching\Src\Database\Caching.Database.2010.csproj", "{674B06A5-A61C-4546-8475-90D4A7FE31D8}"
EndProject
Project("{FAE04EC0-301F-11D3-BF4B-00C04F79EFBC}") = "Caching.Cryptography.2010", "EnterpriseLibrarys\Caching\Src\Cryptography\Caching.Cryptography.2010.csproj", "{A03EA97B-97CB-41EF-A55D-15C6496D8943}"
EndProject
Project("{FAE04EC0-301F-11D3-BF4B-00C04F79EFBC}") = "Security.2010", "EnterpriseLibrarys\Security\Src\Security\Security.2010.csproj", "{CF2CBDAD-4D43-45EA-9D40-4CD9CC7EE744}"
EndProject
Project("{FAE04EC0-301F-11D3-BF4B-00C04F79EFBC}") = "Security.Cryptography.2010", "EnterpriseLibrarys\Security.Cryptography\Src\Cryptography\Security.Cryptography.2010.csproj", "{6A4E6A8A-A39F-4643-BA9B-87AED00BB03E}"
EndProject
Project("{FAE04EC0-301F-11D3-BF4B-00C04F79EFBC}") = "Prism.Desktop", "EnterpriseLibrarys\Prism\Prism.Desktop.csproj", "{77138947-1D13-4E22-AEE0-5D0DD046CA34}"
EndProject
Project("{FAE04EC0-301F-11D3-BF4B-00C04F79EFBC}") = "Prism.Interactivity", "EnterpriseLibrarys\Prism.Interactivity\Prism.Interactivity.csproj", "{DE856812-A32C-4866-801E-AF396D711942}"
EndProject
Project("{FAE04EC0-301F-11D3-BF4B-00C04F79EFBC}") = "Prism.UnityExtensions.Desktop", "EnterpriseLibrarys\Prism.UnityExtensions\Prism.UnityExtensions.Desktop.csproj", "{17831F3B-6B82-4916-BD2B-2CE2071EA622}"
EndProject
Project("{FAE04EC0-301F-11D3-BF4B-00C04F79EFBC}") = "Client.PC.ReportTool", "Client.PC.ReportTool\Client.PC.ReportTool.csproj", "{2294D81C-DF23-41EE-93FD-2BC2271306A8}"
EndProject
Project("{2150E333-8FDC-42A3-9474-1A3956D46DE8}") = "ZTest", "ZTest", "{9E66D265-6212-4A48-B469-01F6C83F5A62}"
EndProject
Project("{FAE04EC0-301F-11D3-BF4B-00C04F79EFBC}") = "Router", "Router\Router.csproj", "{15951E58-4250-42C7-858B-F0BD82819134}"
EndProject
Global
	GlobalSection(SolutionConfigurationPlatforms) = preSolution
		Debug|Any CPU = Debug|Any CPU
		Release|Any CPU = Release|Any CPU
	EndGlobalSection
	GlobalSection(ProjectConfigurationPlatforms) = postSolution
		{56440098-2131-465C-87B9-6C10D2985759}.Debug|Any CPU.ActiveCfg = Debug|Any CPU
		{56440098-2131-465C-87B9-6C10D2985759}.Debug|Any CPU.Build.0 = Debug|Any CPU
		{56440098-2131-465C-87B9-6C10D2985759}.Release|Any CPU.ActiveCfg = Release|Any CPU
		{56440098-2131-465C-87B9-6C10D2985759}.Release|Any CPU.Build.0 = Release|Any CPU
		{1640A197-38C9-41A1-B9D7-2131A5D5470E}.Debug|Any CPU.ActiveCfg = Debug|Any CPU
		{1640A197-38C9-41A1-B9D7-2131A5D5470E}.Debug|Any CPU.Build.0 = Debug|Any CPU
		{1640A197-38C9-41A1-B9D7-2131A5D5470E}.Release|Any CPU.ActiveCfg = Release|Any CPU
		{1640A197-38C9-41A1-B9D7-2131A5D5470E}.Release|Any CPU.Build.0 = Release|Any CPU
		{8CF73142-B534-4F09-A9C8-ED59460CD849}.Debug|Any CPU.ActiveCfg = Debug|Any CPU
		{8CF73142-B534-4F09-A9C8-ED59460CD849}.Debug|Any CPU.Build.0 = Debug|Any CPU
		{8CF73142-B534-4F09-A9C8-ED59460CD849}.Release|Any CPU.ActiveCfg = Release|Any CPU
		{8CF73142-B534-4F09-A9C8-ED59460CD849}.Release|Any CPU.Build.0 = Release|Any CPU
		{3E38A4B0-AF86-479A-9FCF-8C2C3C8958D2}.Debug|Any CPU.ActiveCfg = Debug|Any CPU
		{3E38A4B0-AF86-479A-9FCF-8C2C3C8958D2}.Debug|Any CPU.Build.0 = Debug|Any CPU
		{3E38A4B0-AF86-479A-9FCF-8C2C3C8958D2}.Release|Any CPU.ActiveCfg = Release|Any CPU
		{3E38A4B0-AF86-479A-9FCF-8C2C3C8958D2}.Release|Any CPU.Build.0 = Release|Any CPU
		{51E868C3-0F07-4BDD-A47D-C5EEE6543166}.Debug|Any CPU.ActiveCfg = Debug|Any CPU
		{51E868C3-0F07-4BDD-A47D-C5EEE6543166}.Debug|Any CPU.Build.0 = Debug|Any CPU
		{51E868C3-0F07-4BDD-A47D-C5EEE6543166}.Release|Any CPU.ActiveCfg = Release|Any CPU
		{51E868C3-0F07-4BDD-A47D-C5EEE6543166}.Release|Any CPU.Build.0 = Release|Any CPU
		{89DD6B99-D85B-4D96-8CF6-2A7044C87D1E}.Debug|Any CPU.ActiveCfg = Debug|Any CPU
		{89DD6B99-D85B-4D96-8CF6-2A7044C87D1E}.Debug|Any CPU.Build.0 = Debug|Any CPU
		{89DD6B99-D85B-4D96-8CF6-2A7044C87D1E}.Release|Any CPU.ActiveCfg = Release|Any CPU
		{89DD6B99-D85B-4D96-8CF6-2A7044C87D1E}.Release|Any CPU.Build.0 = Release|Any CPU
		{4539B7AB-AB2F-49C7-A44E-E7F3F80BA250}.Debug|Any CPU.ActiveCfg = Debug|Any CPU
		{4539B7AB-AB2F-49C7-A44E-E7F3F80BA250}.Debug|Any CPU.Build.0 = Debug|Any CPU
		{4539B7AB-AB2F-49C7-A44E-E7F3F80BA250}.Release|Any CPU.ActiveCfg = Release|Any CPU
		{4539B7AB-AB2F-49C7-A44E-E7F3F80BA250}.Release|Any CPU.Build.0 = Release|Any CPU
		{EE1F752C-1FAB-41AD-AD63-857D0E62AB6B}.Debug|Any CPU.ActiveCfg = Debug|Any CPU
		{EE1F752C-1FAB-41AD-AD63-857D0E62AB6B}.Release|Any CPU.ActiveCfg = Release|Any CPU
		{EE1F752C-1FAB-41AD-AD63-857D0E62AB6B}.Release|Any CPU.Build.0 = Release|Any CPU
		{AEF45ED2-3E7F-4AA5-9001-A4D1BAC12EBE}.Debug|Any CPU.ActiveCfg = Debug|Any CPU
		{AEF45ED2-3E7F-4AA5-9001-A4D1BAC12EBE}.Release|Any CPU.ActiveCfg = Release|Any CPU
		{AEF45ED2-3E7F-4AA5-9001-A4D1BAC12EBE}.Release|Any CPU.Build.0 = Release|Any CPU
		{F8186B23-B0E1-4646-B5F3-14357841E2BA}.Debug|Any CPU.ActiveCfg = Debug|Any CPU
		{F8186B23-B0E1-4646-B5F3-14357841E2BA}.Release|Any CPU.ActiveCfg = Release|Any CPU
		{F8186B23-B0E1-4646-B5F3-14357841E2BA}.Release|Any CPU.Build.0 = Release|Any CPU
		{80F7399F-B221-465F-97C9-4B9FC0E2F67F}.Debug|Any CPU.ActiveCfg = Debug|Any CPU
		{80F7399F-B221-465F-97C9-4B9FC0E2F67F}.Release|Any CPU.ActiveCfg = Release|Any CPU
		{80F7399F-B221-465F-97C9-4B9FC0E2F67F}.Release|Any CPU.Build.0 = Release|Any CPU
		{A09297C8-2C40-470B-8856-D856676DDFFA}.Debug|Any CPU.ActiveCfg = Debug|Any CPU
		{A09297C8-2C40-470B-8856-D856676DDFFA}.Release|Any CPU.ActiveCfg = Release|Any CPU
		{A09297C8-2C40-470B-8856-D856676DDFFA}.Release|Any CPU.Build.0 = Release|Any CPU
		{D349B6D8-992F-443F-BB57-57E50DD98794}.Debug|Any CPU.ActiveCfg = Debug|Any CPU
		{D349B6D8-992F-443F-BB57-57E50DD98794}.Release|Any CPU.ActiveCfg = Release|Any CPU
		{D349B6D8-992F-443F-BB57-57E50DD98794}.Release|Any CPU.Build.0 = Release|Any CPU
		{2DB0AD6D-BF59-4EBB-9F99-49ABD8539FD2}.Debug|Any CPU.ActiveCfg = Debug|Any CPU
		{2DB0AD6D-BF59-4EBB-9F99-49ABD8539FD2}.Release|Any CPU.ActiveCfg = Release|Any CPU
		{2DB0AD6D-BF59-4EBB-9F99-49ABD8539FD2}.Release|Any CPU.Build.0 = Release|Any CPU
		{EC311AD3-0A26-4808-901B-A983E97E5790}.Debug|Any CPU.ActiveCfg = Debug|Any CPU
		{EC311AD3-0A26-4808-901B-A983E97E5790}.Release|Any CPU.ActiveCfg = Release|Any CPU
		{EC311AD3-0A26-4808-901B-A983E97E5790}.Release|Any CPU.Build.0 = Release|Any CPU
		{90CBF2D3-767E-4E3C-AF8C-AB3E5F17BE18}.Debug|Any CPU.ActiveCfg = Debug|Any CPU
		{90CBF2D3-767E-4E3C-AF8C-AB3E5F17BE18}.Release|Any CPU.ActiveCfg = Release|Any CPU
		{90CBF2D3-767E-4E3C-AF8C-AB3E5F17BE18}.Release|Any CPU.Build.0 = Release|Any CPU
		{6AC97717-899D-4F72-BC5B-2C37959CD4FF}.Debug|Any CPU.ActiveCfg = Debug|Any CPU
		{6AC97717-899D-4F72-BC5B-2C37959CD4FF}.Release|Any CPU.ActiveCfg = Release|Any CPU
		{6AC97717-899D-4F72-BC5B-2C37959CD4FF}.Release|Any CPU.Build.0 = Release|Any CPU
		{3E6129C8-18E4-410D-89FC-0DBBE6009FC5}.Debug|Any CPU.ActiveCfg = Debug|Any CPU
		{3E6129C8-18E4-410D-89FC-0DBBE6009FC5}.Release|Any CPU.ActiveCfg = Release|Any CPU
		{3E6129C8-18E4-410D-89FC-0DBBE6009FC5}.Release|Any CPU.Build.0 = Release|Any CPU
		{E725A5B4-A379-492F-89E3-3D8021376C3F}.Debug|Any CPU.ActiveCfg = Debug|Any CPU
		{E725A5B4-A379-492F-89E3-3D8021376C3F}.Release|Any CPU.ActiveCfg = Release|Any CPU
		{E725A5B4-A379-492F-89E3-3D8021376C3F}.Release|Any CPU.Build.0 = Release|Any CPU
		{674B06A5-A61C-4546-8475-90D4A7FE31D8}.Debug|Any CPU.ActiveCfg = Debug|Any CPU
		{674B06A5-A61C-4546-8475-90D4A7FE31D8}.Release|Any CPU.ActiveCfg = Release|Any CPU
		{674B06A5-A61C-4546-8475-90D4A7FE31D8}.Release|Any CPU.Build.0 = Release|Any CPU
		{A03EA97B-97CB-41EF-A55D-15C6496D8943}.Debug|Any CPU.ActiveCfg = Debug|Any CPU
		{A03EA97B-97CB-41EF-A55D-15C6496D8943}.Release|Any CPU.ActiveCfg = Release|Any CPU
		{A03EA97B-97CB-41EF-A55D-15C6496D8943}.Release|Any CPU.Build.0 = Release|Any CPU
		{CF2CBDAD-4D43-45EA-9D40-4CD9CC7EE744}.Debug|Any CPU.ActiveCfg = Debug|Any CPU
		{CF2CBDAD-4D43-45EA-9D40-4CD9CC7EE744}.Release|Any CPU.ActiveCfg = Release|Any CPU
		{CF2CBDAD-4D43-45EA-9D40-4CD9CC7EE744}.Release|Any CPU.Build.0 = Release|Any CPU
		{6A4E6A8A-A39F-4643-BA9B-87AED00BB03E}.Debug|Any CPU.ActiveCfg = Debug|Any CPU
		{6A4E6A8A-A39F-4643-BA9B-87AED00BB03E}.Release|Any CPU.ActiveCfg = Release|Any CPU
		{6A4E6A8A-A39F-4643-BA9B-87AED00BB03E}.Release|Any CPU.Build.0 = Release|Any CPU
		{77138947-1D13-4E22-AEE0-5D0DD046CA34}.Debug|Any CPU.ActiveCfg = Debug|Any CPU
		{77138947-1D13-4E22-AEE0-5D0DD046CA34}.Release|Any CPU.ActiveCfg = Release|Any CPU
		{77138947-1D13-4E22-AEE0-5D0DD046CA34}.Release|Any CPU.Build.0 = Release|Any CPU
		{DE856812-A32C-4866-801E-AF396D711942}.Debug|Any CPU.ActiveCfg = Debug|Any CPU
		{DE856812-A32C-4866-801E-AF396D711942}.Release|Any CPU.ActiveCfg = Release|Any CPU
		{DE856812-A32C-4866-801E-AF396D711942}.Release|Any CPU.Build.0 = Release|Any CPU
		{17831F3B-6B82-4916-BD2B-2CE2071EA622}.Debug|Any CPU.ActiveCfg = Debug|Any CPU
		{17831F3B-6B82-4916-BD2B-2CE2071EA622}.Release|Any CPU.ActiveCfg = Release|Any CPU
		{17831F3B-6B82-4916-BD2B-2CE2071EA622}.Release|Any CPU.Build.0 = Release|Any CPU
		{2294D81C-DF23-41EE-93FD-2BC2271306A8}.Debug|Any CPU.ActiveCfg = Debug|Any CPU
		{2294D81C-DF23-41EE-93FD-2BC2271306A8}.Debug|Any CPU.Build.0 = Debug|Any CPU
		{2294D81C-DF23-41EE-93FD-2BC2271306A8}.Release|Any CPU.ActiveCfg = Release|Any CPU
		{2294D81C-DF23-41EE-93FD-2BC2271306A8}.Release|Any CPU.Build.0 = Release|Any CPU
		{15951E58-4250-42C7-858B-F0BD82819134}.Debug|Any CPU.ActiveCfg = Debug|Any CPU
		{15951E58-4250-42C7-858B-F0BD82819134}.Debug|Any CPU.Build.0 = Debug|Any CPU
		{15951E58-4250-42C7-858B-F0BD82819134}.Release|Any CPU.ActiveCfg = Release|Any CPU
		{15951E58-4250-42C7-858B-F0BD82819134}.Release|Any CPU.Build.0 = Release|Any CPU
	EndGlobalSection
	GlobalSection(SolutionProperties) = preSolution
		HideSolutionNode = FALSE
	EndGlobalSection
	GlobalSection(NestedProjects) = preSolution
		{56440098-2131-465C-87B9-6C10D2985759} = {4774B128-6F67-46FB-87B3-50139572B45B}
		{1640A197-38C9-41A1-B9D7-2131A5D5470E} = {88583C95-B4FE-4040-ABB7-858C69A78110}
		{8CF73142-B534-4F09-A9C8-ED59460CD849} = {4774B128-6F67-46FB-87B3-50139572B45B}
		{3E38A4B0-AF86-479A-9FCF-8C2C3C8958D2} = {4774B128-6F67-46FB-87B3-50139572B45B}
		{51E868C3-0F07-4BDD-A47D-C5EEE6543166} = {A246CCBB-3CAE-42F3-A652-3545B6589AAC}
		{89DD6B99-D85B-4D96-8CF6-2A7044C87D1E} = {4774B128-6F67-46FB-87B3-50139572B45B}
		{4539B7AB-AB2F-49C7-A44E-E7F3F80BA250} = {A246CCBB-3CAE-42F3-A652-3545B6589AAC}
		{EE1F752C-1FAB-41AD-AD63-857D0E62AB6B} = {DE61001C-F0E8-426D-A27C-EA3CB583AC76}
		{AEF45ED2-3E7F-4AA5-9001-A4D1BAC12EBE} = {DE61001C-F0E8-426D-A27C-EA3CB583AC76}
		{F8186B23-B0E1-4646-B5F3-14357841E2BA} = {DE61001C-F0E8-426D-A27C-EA3CB583AC76}
		{80F7399F-B221-465F-97C9-4B9FC0E2F67F} = {DE61001C-F0E8-426D-A27C-EA3CB583AC76}
		{A09297C8-2C40-470B-8856-D856676DDFFA} = {DE61001C-F0E8-426D-A27C-EA3CB583AC76}
		{D349B6D8-992F-443F-BB57-57E50DD98794} = {DE61001C-F0E8-426D-A27C-EA3CB583AC76}
		{2DB0AD6D-BF59-4EBB-9F99-49ABD8539FD2} = {DE61001C-F0E8-426D-A27C-EA3CB583AC76}
		{EC311AD3-0A26-4808-901B-A983E97E5790} = {DE61001C-F0E8-426D-A27C-EA3CB583AC76}
		{90CBF2D3-767E-4E3C-AF8C-AB3E5F17BE18} = {DE61001C-F0E8-426D-A27C-EA3CB583AC76}
		{6AC97717-899D-4F72-BC5B-2C37959CD4FF} = {DE61001C-F0E8-426D-A27C-EA3CB583AC76}
		{3E6129C8-18E4-410D-89FC-0DBBE6009FC5} = {DE61001C-F0E8-426D-A27C-EA3CB583AC76}
		{E725A5B4-A379-492F-89E3-3D8021376C3F} = {DE61001C-F0E8-426D-A27C-EA3CB583AC76}
		{674B06A5-A61C-4546-8475-90D4A7FE31D8} = {DE61001C-F0E8-426D-A27C-EA3CB583AC76}
		{A03EA97B-97CB-41EF-A55D-15C6496D8943} = {DE61001C-F0E8-426D-A27C-EA3CB583AC76}
		{CF2CBDAD-4D43-45EA-9D40-4CD9CC7EE744} = {DE61001C-F0E8-426D-A27C-EA3CB583AC76}
		{6A4E6A8A-A39F-4643-BA9B-87AED00BB03E} = {DE61001C-F0E8-426D-A27C-EA3CB583AC76}
		{77138947-1D13-4E22-AEE0-5D0DD046CA34} = {DE61001C-F0E8-426D-A27C-EA3CB583AC76}
		{DE856812-A32C-4866-801E-AF396D711942} = {DE61001C-F0E8-426D-A27C-EA3CB583AC76}
		{17831F3B-6B82-4916-BD2B-2CE2071EA622} = {DE61001C-F0E8-426D-A27C-EA3CB583AC76}
		{2294D81C-DF23-41EE-93FD-2BC2271306A8} = {A246CCBB-3CAE-42F3-A652-3545B6589AAC}
		{15951E58-4250-42C7-858B-F0BD82819134} = {A246CCBB-3CAE-42F3-A652-3545B6589AAC}
	EndGlobalSection
	GlobalSection(ExtensibilityGlobals) = postSolution
		EnterpriseLibraryConfigurationToolBinariesPath = packages\Unity.2.1.505.0\lib\NET35;packages\Unity.Interception.2.1.505.0\lib\NET35;packages\EnterpriseLibrary.Common.5.0.505.0\lib\NET35;packages\EnterpriseLibrary.Logging.5.0.505.0\lib\NET35;packages\EnterpriseLibrary.ExceptionHandling.5.0.505.0\lib\NET35;packages\EnterpriseLibrary.ExceptionHandling.Logging.5.0.505.0\lib\NET35;packages\EnterpriseLibrary.Data.5.0.505.0\lib\NET35;packages\EnterpriseLibrary.PolicyInjection.5.0.505.0\lib\NET35
	EndGlobalSection
EndGlobal
